
Microsoft Visual Studio Solution File, Format Version 12.00
# Visual Studio Version 16
VisualStudioVersion = 16.0.30907.101
MinimumVisualStudioVersion = 10.0.40219.1
Project("{FAE04EC0-301F-11D3-BF4B-00C04F79EFBC}") = "FakeNoMore", "FakeNoMore.csproj", "{03E9CB0D-8E09-440E-A2AD-28E199B54970}"
EndProject
Global
	GlobalSection(SolutionConfigurationPlatforms) = preSolution
		Debug|Any CPU = Debug|Any CPU
		Release|Any CPU = Release|Any CPU
	EndGlobalSection
	GlobalSection(ProjectConfigurationPlatforms) = postSolution
		{03E9CB0D-8E09-440E-A2AD-28E199B54970}.Debug|Any CPU.ActiveCfg = Debug|Any CPU
		{03E9CB0D-8E09-440E-A2AD-28E199B54970}.Debug|Any CPU.Build.0 = Debug|Any CPU
		{03E9CB0D-8E09-440E-A2AD-28E199B54970}.Release|Any CPU.ActiveCfg = Release|Any CPU
		{03E9CB0D-8E09-440E-A2AD-28E199B54970}.Release|Any CPU.Build.0 = Release|Any CPU
	EndGlobalSection
	GlobalSection(SolutionProperties) = preSolution
		HideSolutionNode = FALSE
	EndGlobalSection
	GlobalSection(ExtensibilityGlobals) = postSolution
		SolutionGuid = {BCCEAFF9-2865-4A4F-A5F1-1C46AB275988}
	EndGlobalSection
EndGlobal
